github.com/ecc1/gpio v0.0.0-20171107174639-450ac9ea6df7/go.mod h1:LXSJyYdvUHvdCZFUJDqKHv0aRRXrTfZIVlYfBOslPmQ=
github.com/ecc1/gpio v0.0.0-20200212231225-d40e43fcf8f5 h1:caoskihCyJpXaV3oRLl+jYuE+aLRnfcIprUQ6oBxTh8=
github.com/ecc1/gpio v0.0.0-20200212231225-d40e43fcf8f5/go.mod h1:ZcIrkf+E8KutUpAcNHOHaf2NYukHYOlYTCDxV5zzn04=
github.com/ecc1/gpio v0.0.0-20230226182448-afe57342d422 h1:qSClf/Yn1Rpa3QWHfanzo2WSKhkzU7YmhGalq409/Oo=
github.com/ecc1/gpio v0.0.0-20230226182448-afe57342d422/go.mod h1:1sHHCgRnvpfQ5XHUFnXYoBrhudWZKqO2nYhOWV4Sjnk=
github.com/ecc1/radio v0.0.0-20200419171134-0864efbcd270 h1:6UfUduLumb8ImfyTLwckaXAf5mVZ3ZsHWwzxePd4/iI=
github.com/ecc1/radio v0.0.0-20200419171134-0864efbcd270/go.mod h1:F2/WLpt9jko2RixQDhG6zjk+NTxkpO1Zwg/sdkmwSvs=
github.com/ecc1/radio v0.0.0-20230226182625-a0856dd1b465 h1:hgTPYXkvsyDsr3hFZyKykGp0TgiSJSN7bjGiGjlz7ec=
github.com/ecc1/radio v0.0.0-20230226182625-a0856dd1b465/go.mod h1:XOQ5OqZ6/ZHplzVQ/1UtZu+vH4nRreaoNZ83VVitk3I=
github.com/ecc1/spi v0.0.0-20200419165236-942b6408d3f6 h1:1LRSWNRed+sMmquyxvaqRF1H+1+r15IcnLqX0kHc7k4=
github.com/ecc1/spi v0.0.0-20200419165236-942b6408d3f6/go.mod h1:CkwtH+RWsm0GcBCmpi4jHsQjmRBnQejPEvxB95hjVDA=
github.com/ecc1/spi v0.0.0-20200422200600-12b68ae2e8ca h1:28pTYqxkmy/0BQNByup8guOckNkCIJTp9Y9vKJ+JgM0=
github.com/ecc1/spi v0.0.0-20200422200600-12b68ae2e8ca/go.mod h1:CkwtH+RWsm0GcBCmpi4jHsQjmRBnQejPEvxB95hjVDA=
github.com/ecc1/spi v0.0.0-20230226182530-b0f4c20d714a h1:wKFSDxAFrELZwZHfH8qL60cBUPx4k/As9rknIyS9HVI=
github.com/ecc1/spi v0.0.0-20230226182530-b0f4c20d714a/go.mod h1:aEx53qKDtY1Ryywz6SVx/K+n3eVGB2tsijuntsITXzA=
golang.org/x/sys v0.0.0-20200212091648-12a6c2dcc1e4 h1:sfkvUWPNGwSV+8/fNqctR5lS2AqCSqYwXdrjCxp/dXo=
golang.org/x/sys v0.0.0-20200212091648-12a6c2dcc1e4/go.mod h1:h1NjWce9XRLGQEsW7wpKNCjG9DtNlClVuFLEZdDNbEs=
golang.org/x/sys v0.5.0 h1:MUK/U/4lj1t1oPg0HfuXDN/Z1wv31ZJ/YcPiGccS4DU=
golang.org/x/sys v0.5.0/go.mod h1:oPkhp1MJrh7nUepCBck5+mAzfO9JrbApNNgaTdGDITg=
